// !$*UTF8*$!
{
	archiveVersion = 1;
	classes = {
	};
	objectVersion = 45;
	objects = {

/* Begin PBXBuildFile section */
		1B72EBF011F6D74400187090 /* BookmarkViewController.m in Sources */ = {isa = PBXBuildFile; fileRef = 1B72EBEE11F6D74400187090 /* BookmarkViewController.m */; };
		1B72EC8E11F6F0DB00187090 /* icon-ipad.png in Resources */ = {isa = PBXBuildFile; fileRef = 1B72EC8D11F6F0DB00187090 /* icon-ipad.png */; };
		1B72ECA011F6F27700187090 /* BookmarkViewController.xib in Resources */ = {isa = PBXBuildFile; fileRef = 1B72EC9F11F6F27700187090 /* BookmarkViewController.xib */; };
		1B72ECBB11F720D600187090 /* DictionayWebView.m in Sources */ = {isa = PBXBuildFile; fileRef = 1B72ECBA11F720D600187090 /* DictionayWebView.m */; };
		1B74308911F5D790004560B8 /* back_small.png in Resources */ = {isa = PBXBuildFile; fileRef = 1B74308811F5D790004560B8 /* back_small.png */; };
		1B74308B11F5D7A6004560B8 /* forward_small.png in Resources */ = {isa = PBXBuildFile; fileRef = 1B74308A11F5D7A6004560B8 /* forward_small.png */; };
		1B74309311F5D905004560B8 /* bookmark_small.png in Resources */ = {isa = PBXBuildFile; fileRef = 1B74309211F5D905004560B8 /* bookmark_small.png */; };
		1B74309511F5D90F004560B8 /* book_small.png in Resources */ = {isa = PBXBuildFile; fileRef = 1B74309411F5D90F004560B8 /* book_small.png */; };
		1B74309E11F5E0B9004560B8 /* DictionaryViewController.m in Sources */ = {isa = PBXBuildFile; fileRef = 1B74309C11F5E0B9004560B8 /* DictionaryViewController.m */; };
		1B7430A111F5E11D004560B8 /* DictionaryViewController.xib in Resources */ = {isa = PBXBuildFile; fileRef = 1B7430A011F5E11D004560B8 /* DictionaryViewController.xib */; };
		1BAA743B11FC489500E59245 /* reload_small.png in Resources */ = {isa = PBXBuildFile; fileRef = 1BAA743911FC489500E59245 /* reload_small.png */; };
		1BAA743C11FC489500E59245 /* delete_small.png in Resources */ = {isa = PBXBuildFile; fileRef = 1BAA743A11FC489500E59245 /* delete_small.png */; };
		1D3623260D0F684500981E51 /* EigoWebAppDelegate.m in Sources */ = {isa = PBXBuildFile; fileRef = 1D3623250D0F684500981E51 /* EigoWebAppDelegate.m */; };
		1D60589B0D05DD56006BFB54 /* main.m in Sources */ = {isa = PBXBuildFile; fileRef = 29B97316FDCFA39411CA2CEA /* main.m */; };
		1D60589F0D05DD5A006BFB54 /* Foundation.framework in Frameworks */ = {isa = PBXBuildFile; fileRef = 1D30AB110D05D00D00671497 /* Foundation.framework */; };
		1DF5F4E00D08C38300B7A737 /* UIKit.framework in Frameworks */ = {isa = PBXBuildFile; fileRef = 1DF5F4DF0D08C38300B7A737 /* UIKit.framework */; };
		288765A50DF7441C002DB57D /* CoreGraphics.framework in Frameworks */ = {isa = PBXBuildFile; fileRef = 288765A40DF7441C002DB57D /* CoreGraphics.framework */; };
		2899E5220DE3E06400AC0155 /* EigoWebViewController.xib in Resources */ = {isa = PBXBuildFile; fileRef = 2899E5210DE3E06400AC0155 /* EigoWebViewController.xib */; };
		28AD733F0D9D9553002E5188 /* MainWindow.xib in Resources */ = {isa = PBXBuildFile; fileRef = 28AD733E0D9D9553002E5188 /* MainWindow.xib */; };
		28D7ACF80DDB3853001CB0EB /* EigoWebViewController.m in Sources */ = {isa = PBXBuildFile; fileRef = 28D7ACF70DDB3853001CB0EB /* EigoWebViewController.m */; };
/* End PBXBuildFile section */

/* Begin PBXFileReference section */
		1B72EBED11F6D74400187090 /* BookmarkViewController.h */ = {isa = PBXFileReference; fileEncoding = 4; lastKnownFileType = sourcecode.c.h; path = BookmarkViewController.h; sourceTree = "<group>"; };
		1B72EBEE11F6D74400187090 /* BookmarkViewController.m */ = {isa = PBXFileReference; fileEncoding = 4; lastKnownFileType = sourcecode.c.objc; path = BookmarkViewController.m; sourceTree = "<group>"; };
		1B72EC8D11F6F0DB00187090 /* icon-ipad.png */ = {isa = PBXFileReference; lastKnownFileType = image.png; path = "icon-ipad.png"; sourceTree = "<group>"; };
		1B72EC9F11F6F27700187090 /* BookmarkViewController.xib */ = {isa = PBXFileReference; lastKnownFileType = file.xib; path = BookmarkViewController.xib; sourceTree = "<group>"; };
		1B72ECB911F720D600187090 /* DictionayWebView.h */ = {isa = PBXFileReference; fileEncoding = 4; lastKnownFileType = sourcecode.c.h; path = DictionayWebView.h; sourceTree = "<group>"; };
		1B72ECBA11F720D600187090 /* DictionayWebView.m */ = {isa = PBXFileReference; fileEncoding = 4; lastKnownFileType = sourcecode.c.objc; path = DictionayWebView.m; sourceTree = "<group>"; };
		1B74308811F5D790004560B8 /* back_small.png */ = {isa = PBXFileReference; lastKnownFileType = image.png; path = back_small.png; sourceTree = "<group>"; };
		1B74308A11F5D7A6004560B8 /* forward_small.png */ = {isa = PBXFileReference; lastKnownFileType = image.png; path = forward_small.png; sourceTree = "<group>"; };
		1B74309211F5D905004560B8 /* bookmark_small.png */ = {isa = PBXFileReference; lastKnownFileType = image.png; path = bookmark_small.png; sourceTree = "<group>"; };
		1B74309411F5D90F004560B8 /* book_small.png */ = {isa = PBXFileReference; lastKnownFileType = image.png; path = book_small.png; sourceTree = "<group>"; };
		1B74309B11F5E0B9004560B8 /* DictionaryViewController.h */ = {isa = PBXFileReference; fileEncoding = 4; lastKnownFileType = sourcecode.c.h; path = DictionaryViewController.h; sourceTree = "<group>"; };
		1B74309C11F5E0B9004560B8 /* DictionaryViewController.m */ = {isa = PBXFileReference; fileEncoding = 4; lastKnownFileType = sourcecode.c.objc; path = DictionaryViewController.m; sourceTree = "<group>"; };
		1B7430A011F5E11D004560B8 /* DictionaryViewController.xib */ = {isa = PBXFileReference; lastKnownFileType = file.xib; path = DictionaryViewController.xib; sourceTree = "<group>"; };
		1BAA743911FC489500E59245 /* reload_small.png */ = {isa = PBXFileReference; lastKnownFileType = image.png; path = reload_small.png; sourceTree = "<group>"; };
		1BAA743A11FC489500E59245 /* delete_small.png */ = {isa = PBXFileReference; lastKnownFileType = image.png; path = delete_small.png; sourceTree = "<group>"; };
		1D30AB110D05D00D00671497 /* Foundation.framework */ = {isa = PBXFileReference; lastKnownFileType = wrapper.framework; name = Foundation.framework; path = System/Library/Frameworks/Foundation.framework; sourceTree = SDKROOT; };
		1D3623240D0F684500981E51 /* EigoWebAppDelegate.h */ = {isa = PBXFileReference; fileEncoding = 4; lastKnownFileType = sourcecode.c.h; path = EigoWebAppDelegate.h; sourceTree = "<group>"; };
		1D3623250D0F684500981E51 /* EigoWebAppDelegate.m */ = {isa = PBXFileReference; fileEncoding = 4; lastKnownFileType = sourcecode.c.objc; path = EigoWebAppDelegate.m; sourceTree = "<group>"; };
		1D6058910D05DD3D006BFB54 /* EigoWeb.app */ = {isa = PBXFileReference; explicitFileType = wrapper.application; includeInIndex = 0; path = EigoWeb.app; sourceTree = BUILT_PRODUCTS_DIR; };
		1DF5F4DF0D08C38300B7A737 /* UIKit.framework */ = {isa = PBXFileReference; lastKnownFileType = wrapper.framework; name = UIKit.framework; path = System/Library/Frameworks/UIKit.framework; sourceTree = SDKROOT; };
		288765A40DF7441C002DB57D /* CoreGraphics.framework */ = {isa = PBXFileReference; lastKnownFileType = wrapper.framework; name = CoreGraphics.framework; path = System/Library/Frameworks/CoreGraphics.framework; sourceTree = SDKROOT; };
		2899E5210DE3E06400AC0155 /* EigoWebViewController.xib */ = {isa = PBXFileReference; lastKnownFileType = file.xib; path = EigoWebViewController.xib; sourceTree = "<group>"; };
		28AD733E0D9D9553002E5188 /* MainWindow.xib */ = {isa = PBXFileReference; lastKnownFileType = file.xib; path = MainWindow.xib; sourceTree = "<group>"; };
		28D7ACF60DDB3853001CB0EB /* EigoWebViewController.h */ = {isa = PBXFileReference; fileEncoding = 4; lastKnownFileType = sourcecode.c.h; path = EigoWebViewController.h; sourceTree = "<group>"; };
		28D7ACF70DDB3853001CB0EB /* EigoWebViewController.m */ = {isa = PBXFileReference; fileEncoding = 4; lastKnownFileType = sourcecode.c.objc; path = EigoWebViewController.m; sourceTree = "<group>"; };
		29B97316FDCFA39411CA2CEA /* main.m */ = {isa = PBXFileReference; fileEncoding = 4; lastKnownFileType = sourcecode.c.objc; path = main.m; sourceTree = "<group>"; };
		32CA4F630368D1EE00C91783 /* EigoWeb_Prefix.pch */ = {isa = PBXFileReference; fileEncoding = 4; lastKnownFileType = sourcecode.c.h; path = EigoWeb_Prefix.pch; sourceTree = "<group>"; };
		8D1107310486CEB800E47090 /* EigoWeb-Info.plist */ = {isa = PBXFileReference; fileEncoding = 4; lastKnownFileType = text.plist.xml; path = "EigoWeb-Info.plist"; plistStructureDefinitionIdentifier = "com.apple.xcode.plist.structure-definition.iphone.info-plist"; sourceTree = "<group>"; };
/* End PBXFileReference section */

/* Begin PBXFrameworksBuildPhase section */
		1D60588F0D05DD3D006BFB54 /* Frameworks */ = {
			isa = PBXFrameworksBuildPhase;
			buildActionMask = 2147483647;
			files = (
				1D60589F0D05DD5A006BFB54 /* Foundation.framework in Frameworks */,
				1DF5F4E00D08C38300B7A737 /* UIKit.framework in Frameworks */,
				288765A50DF7441C002DB57D /* CoreGraphics.framework in Frameworks */,
			);
			runOnlyForDeploymentPostprocessing = 0;
		};
/* End PBXFrameworksBuildPhase section */

/* Begin PBXGroup section */
		080E96DDFE201D6D7F000001 /* Classes */ = {
			isa = PBXGroup;
			children = (
				1D3623240D0F684500981E51 /* EigoWebAppDelegate.h */,
				1D3623250D0F684500981E51 /* EigoWebAppDelegate.m */,
				28D7ACF60DDB3853001CB0EB /* EigoWebViewController.h */,
				28D7ACF70DDB3853001CB0EB /* EigoWebViewController.m */,
				1B74309B11F5E0B9004560B8 /* DictionaryViewController.h */,
				1B74309C11F5E0B9004560B8 /* DictionaryViewController.m */,
				1B72EBED11F6D74400187090 /* BookmarkViewController.h */,
				1B72EBEE11F6D74400187090 /* BookmarkViewController.m */,
				1B72ECB911F720D600187090 /* DictionayWebView.h */,
				1B72ECBA11F720D600187090 /* DictionayWebView.m */,
			);
			path = Classes;
			sourceTree = "<group>";
		};
		19C28FACFE9D520D11CA2CBB /* Products */ = {
			isa = PBXGroup;
			children = (
				1D6058910D05DD3D006BFB54 /* EigoWeb.app */,
			);
			name = Products;
			sourceTree = "<group>";
		};
		29B97314FDCFA39411CA2CEA /* CustomTemplate */ = {
			isa = PBXGroup;
			children = (
				080E96DDFE201D6D7F000001 /* Classes */,
				29B97315FDCFA39411CA2CEA /* Other Sources */,
				29B97317FDCFA39411CA2CEA /* Resources */,
				29B97323FDCFA39411CA2CEA /* Frameworks */,
				19C28FACFE9D520D11CA2CBB /* Products */,
			);
			name = CustomTemplate;
			sourceTree = "<group>";
		};
		29B97315FDCFA39411CA2CEA /* Other Sources */ = {
			isa = PBXGroup;
			children = (
				32CA4F630368D1EE00C91783 /* EigoWeb_Prefix.pch */,
				29B97316FDCFA39411CA2CEA /* main.m */,
			);
			name = "Other Sources";
			sourceTree = "<group>";
		};
		29B97317FDCFA39411CA2CEA /* Resources */ = {
			isa = PBXGroup;
			children = (
				1B72EC8D11F6F0DB00187090 /* icon-ipad.png */,
				2899E5210DE3E06400AC0155 /* EigoWebViewController.xib */,
				1B7430A011F5E11D004560B8 /* DictionaryViewController.xib */,
				1B72EC9F11F6F27700187090 /* BookmarkViewController.xib */,
				1B74309411F5D90F004560B8 /* book_small.png */,
				1B74309211F5D905004560B8 /* bookmark_small.png */,
				1B74308A11F5D7A6004560B8 /* forward_small.png */,
				1B74308811F5D790004560B8 /* back_small.png */,
				1BAA743911FC489500E59245 /* reload_small.png */,
				1BAA743A11FC489500E59245 /* delete_small.png */,
				28AD733E0D9D9553002E5188 /* MainWindow.xib */,
				8D1107310486CEB800E47090 /* EigoWeb-Info.plist */,
			);
			name = Resources;
			sourceTree = "<group>";
		};
		29B97323FDCFA39411CA2CEA /* Frameworks */ = {
			isa = PBXGroup;
			children = (
				1DF5F4DF0D08C38300B7A737 /* UIKit.framework */,
				1D30AB110D05D00D00671497 /* Foundation.framework */,
				288765A40DF7441C002DB57D /* CoreGraphics.framework */,
			);
			name = Frameworks;
			sourceTree = "<group>";
		};
/* End PBXGroup section */

/* Begin PBXNativeTarget section */
		1D6058900D05DD3D006BFB54 /* EigoWeb */ = {
			isa = PBXNativeTarget;
			buildConfigurationList = 1D6058960D05DD3E006BFB54 /* Build configuration list for PBXNativeTarget "EigoWeb" */;
			buildPhases = (
				1D60588D0D05DD3D006BFB54 /* Resources */,
				1D60588E0D05DD3D006BFB54 /* Sources */,
				1D60588F0D05DD3D006BFB54 /* Frameworks */,
			);
			buildRules = (
			);
			dependencies = (
			);
			name = EigoWeb;
			productName = EigoWeb;
			productReference = 1D6058910D05DD3D006BFB54 /* EigoWeb.app */;
			productType = "com.apple.product-type.application";
		};
/* End PBXNativeTarget section */

/* Begin PBXProject section */
		29B97313FDCFA39411CA2CEA /* Project object */ = {
			isa = PBXProject;
			buildConfigurationList = C01FCF4E08A954540054247B /* Build configuration list for PBXProject "EigoWeb" */;
			compatibilityVersion = "Xcode 3.1";
			hasScannedForEncodings = 1;
			mainGroup = 29B97314FDCFA39411CA2CEA /* CustomTemplate */;
			projectDirPath = "";
			projectRoot = "";
			targets = (
				1D6058900D05DD3D006BFB54 /* EigoWeb */,
			);
		};
/* End PBXProject section */

/* Begin PBXResourcesBuildPhase section */
		1D60588D0D05DD3D006BFB54 /* Resources */ = {
			isa = PBXResourcesBuildPhase;
			buildActionMask = 2147483647;
			files = (
				28AD733F0D9D9553002E5188 /* MainWindow.xib in Resources */,
				2899E5220DE3E06400AC0155 /* EigoWebViewController.xib in Resources */,
				1B74308911F5D790004560B8 /* back_small.png in Resources */,
				1B74308B11F5D7A6004560B8 /* forward_small.png in Resources */,
				1B74309311F5D905004560B8 /* bookmark_small.png in Resources */,
				1B74309511F5D90F004560B8 /* book_small.png in Resources */,
				1B7430A111F5E11D004560B8 /* DictionaryViewController.xib in Resources */,
				1B72EC8E11F6F0DB00187090 /* icon-ipad.png in Resources */,
				1B72ECA011F6F27700187090 /* BookmarkViewController.xib in Resources */,
				1BAA743B11FC489500E59245 /* reload_small.png in Resources */,
				1BAA743C11FC489500E59245 /* delete_small.png in Resources */,
			);
			runOnlyForDeploymentPostprocessing = 0;
		};
/* End PBXResourcesBuildPhase section */

/* Begin PBXSourcesBuildPhase section */
		1D60588E0D05DD3D006BFB54 /* Sources */ = {
			isa = PBXSourcesBuildPhase;
			buildActionMask = 2147483647;
			files = (
				1D60589B0D05DD56006BFB54 /* main.m in Sources */,
				1D3623260D0F684500981E51 /* EigoWebAppDelegate.m in Sources */,
				28D7ACF80DDB3853001CB0EB /* EigoWebViewController.m in Sources */,
				1B74309E11F5E0B9004560B8 /* DictionaryViewController.m in Sources */,
				1B72EBF011F6D74400187090 /* BookmarkViewController.m in Sources */,
				1B72ECBB11F720D600187090 /* DictionayWebView.m in Sources */,
			);
			runOnlyForDeploymentPostprocessing = 0;
		};
/* End PBXSourcesBuildPhase section */

/* Begin XCBuildConfiguration section */
		1D6058940D05DD3E006BFB54 /* Debug */ = {
			isa = XCBuildConfiguration;
			buildSettings = {
				ALWAYS_SEARCH_USER_PATHS = NO;
				COPY_PHASE_STRIP = NO;
				GCC_DYNAMIC_NO_PIC = NO;
				GCC_OPTIMIZATION_LEVEL = 0;
				GCC_PRECOMPILE_PREFIX_HEADER = YES;
				GCC_PREFIX_HEADER = EigoWeb_Prefix.pch;
				INFOPLIST_FILE = "EigoWeb-Info.plist";
				PRODUCT_NAME = EigoWeb;
			};
			name = Debug;
		};
		1D6058950D05DD3E006BFB54 /* Release */ = {
			isa = XCBuildConfiguration;
			buildSettings = {
				ALWAYS_SEARCH_USER_PATHS = NO;
				COPY_PHASE_STRIP = YES;
				GCC_PRECOMPILE_PREFIX_HEADER = YES;
				GCC_PREFIX_HEADER = EigoWeb_Prefix.pch;
				INFOPLIST_FILE = "EigoWeb-Info.plist";
				PRODUCT_NAME = EigoWeb;
				VALIDATE_PRODUCT = YES;
			};
			name = Release;
		};
		C01FCF4F08A954540054247B /* Debug */ = {
			isa = XCBuildConfiguration;
			buildSettings = {
				ARCHS = "$(ARCHS_UNIVERSAL_IPHONE_OS)";
				"CODE_SIGN_IDENTITY[sdk=iphoneos*]" = "iPhone Developer";
				GCC_C_LANGUAGE_STANDARD = c99;
				GCC_WARN_ABOUT_RETURN_TYPE = YES;
				GCC_WARN_UNUSED_VARIABLE = YES;
				PREBINDING = NO;
				SDKROOT = iphoneos3.2;
				TARGETED_DEVICE_FAMILY = 2;
			};
			name = Debug;
		};
		C01FCF5008A954540054247B /* Release */ = {
			isa = XCBuildConfiguration;
			buildSettings = {
				ARCHS = "$(ARCHS_UNIVERSAL_IPHONE_OS)";
				"CODE_SIGN_IDENTITY[sdk=iphoneos*]" = "iPhone Developer";
				GCC_C_LANGUAGE_STANDARD = c99;
				GCC_WARN_ABOUT_RETURN_TYPE = YES;
				GCC_WARN_UNUSED_VARIABLE = YES;
				OTHER_CFLAGS = "-DNS_BLOCK_ASSERTIONS=1";
				PREBINDING = NO;
				SDKROOT = iphoneos3.2;
				TARGETED_DEVICE_FAMILY = 2;
			};
			name = Release;
		};
/* End XCBuildConfiguration section */

/* Begin XCConfigurationList section */
		1D6058960D05DD3E006BFB54 /* Build configuration list for PBXNativeTarget "EigoWeb" */ = {
			isa = XCConfigurationList;
			buildConfigurations = (
				1D6058940D05DD3E006BFB54 /* Debug */,
				1D6058950D05DD3E006BFB54 /* Release */,
			);
			defaultConfigurationIsVisible = 0;
			defaultConfigurationName = Release;
		};
		C01FCF4E08A954540054247B /* Build configuration list for PBXProject "EigoWeb" */ = {
			isa = XCConfigurationList;
			buildConfigurations = (
				C01FCF4F08A954540054247B /* Debug */,
				C01FCF5008A954540054247B /* Release */,
			);
			defaultConfigurationIsVisible = 0;
			defaultConfigurationName = Release;
		};
/* End XCConfigurationList section */
	};
	rootObject = 29B97313FDCFA39411CA2CEA /* Project object */;
}
